
Microsoft Visual Studio Solution File, Format Version 12.00
# Visual Studio 15
VisualStudioVersion = 15.0.27703.2018
MinimumVisualStudioVersion = 10.0.40219.1
Project("{FAE04EC0-301F-11D3-BF4B-00C04F79EFBC}") = "Task8", "Task8\Task8.csproj", "{0203415A-F0C8-46E5-B1C5-95A6E2A5E015}"
EndProject
Global
	GlobalSection(SolutionConfigurationPlatforms) = preSolution
		Debug|Any CPU = Debug|Any CPU
		Release|Any CPU = Release|Any CPU
	EndGlobalSection
	GlobalSection(ProjectConfigurationPlatforms) = postSolution
		{0203415A-F0C8-46E5-B1C5-95A6E2A5E015}.Debug|Any CPU.ActiveCfg = Debug|Any CPU
		{0203415A-F0C8-46E5-B1C5-95A6E2A5E015}.Debug|Any CPU.Build.0 = Debug|Any CPU
		{0203415A-F0C8-46E5-B1C5-95A6E2A5E015}.Release|Any CPU.ActiveCfg = Release|Any CPU
		{0203415A-F0C8-46E5-B1C5-95A6E2A5E015}.Release|Any CPU.Build.0 = Release|Any CPU
	EndGlobalSection
	GlobalSection(SolutionProperties) = preSolution
		HideSolutionNode = FALSE
	EndGlobalSection
	GlobalSection(ExtensibilityGlobals) = postSolution
		SolutionGuid = {DA3B3EB3-8F73-4502-80FD-11EAC2DB5E2C}
	EndGlobalSection
EndGlobal
